{
  "requires": true,
  "lockfileVersion": 1,
  "dependencies": {
    "@angular/common": {
      "version": "2.2.1",
      "resolved": "https://registry.npmjs.org/@angular/common/-/common-2.2.1.tgz",
      "integrity": "sha1-rXmWqGW3sR/DFTY4J/JBSkjGWJw="
    },
    "@angular/compiler": {
      "version": "2.2.1",
      "resolved": "https://registry.npmjs.org/@angular/compiler/-/compiler-2.2.1.tgz",
      "integrity": "sha1-Fuf69YjPkSGg9sFtC64oMPTK/cE="
    },
    "@angular/core": {
      "version": "2.2.1",
      "resolved": "https://registry.npmjs.org/@angular/core/-/core-2.2.1.tgz",
      "integrity": "sha1-hv3DSjcKT8/oTtneSzxDVIYSkZw="
    },
    "@angular/platform-browser": {
      "version": "2.2.1",
      "resolved": "https://registry.npmjs.org/@angular/platform-browser/-/platform-browser-2.2.1.tgz",
      "integrity": "sha1-1Rs2JgCJ8wVOdF760FmTUj1aUpM="
    },
    "@angular/platform-browser-dynamic": {
      "version": "2.2.1",
      "resolved": "https://registry.npmjs.org/@angular/platform-browser-dynamic/-/platform-browser-dynamic-2.2.1.tgz",
      "integrity": "sha1-Vh0ymC/uS2i0dLpHTH88TZS/62w="
    },
    "angular2-aot-webpack": {
      "version": "1.0.0",
      "resolved": "https://registry.npmjs.org/angular2-aot-webpack/-/angular2-aot-webpack-1.0.0.tgz",
      "integrity": "sha1-wbwjigEDJInc/TUifDniEt3zyq4=",
      "requires": {
        "@angular/common": "2.2.1",
        "@angular/compiler": "2.2.1",
        "@angular/core": "2.2.1",
        "@angular/platform-browser": "2.2.1",
        "@angular/platform-browser-dynamic": "2.2.1",
        "core-js": "2.4.1",
        "rxjs": "5.0.0-beta.12",
        "zone.js": "0.7.2"
      }
    },
    "core-js": {
      "version": "2.4.1",
      "resolved": "https://registry.npmjs.org/core-js/-/core-js-2.4.1.tgz",
      "integrity": "sha1-TekR5mew6ukSTjQlS1OupvxhjT4="
    },
    "rxjs": {
      "version": "5.0.0-beta.12",
      "resolved": "https://registry.npmjs.org/rxjs/-/rxjs-5.0.0-beta.12.tgz",
      "integrity": "sha1-zf3i2MRjnSCud5S/+P3fMtp60zc=",
      "requires": {
        "symbol-observable": "1.0.4"
      }
    },
    "symbol-observable": {
      "version": "1.0.4",
      "resolved": "https://registry.npmjs.org/symbol-observable/-/symbol-observable-1.0.4.tgz",
      "integrity": "sha1-Kb9hXUqnEhvdiYsi1LP5vE4qoD0="
    },
    "zone.js": {
      "version": "0.7.2",
      "resolved": "https://registry.npmjs.org/zone.js/-/zone.js-0.7.2.tgz",
      "integrity": "sha1-GmK2vksk0bk15FZrC0OGtmlm0ac="
    }
  }
}
